// !$*UTF8*$!
{
	archiveVersion = 1;
	classes = {
	};
	objectVersion = 50;
	objects = {

/* Begin PBXBuildFile section */
		FA58998E24F262B1002C4E52 /* AppDelegate.m in Sources */ = {isa = PBXBuildFile; fileRef = FA58998D24F262B1002C4E52 /* AppDelegate.m */; };
		FA58999124F262B1002C4E52 /* SceneDelegate.m in Sources */ = {isa = PBXBuildFile; fileRef = FA58999024F262B1002C4E52 /* SceneDelegate.m */; };
		FA58999424F262B1002C4E52 /* ViewController.m in Sources */ = {isa = PBXBuildFile; fileRef = FA58999324F262B1002C4E52 /* ViewController.m */; };
		FA58999724F262B1002C4E52 /* Main.storyboard in Resources */ = {isa = PBXBuildFile; fileRef = FA58999524F262B1002C4E52 /* Main.storyboard */; };
		FA58999924F262B1002C4E52 /* Assets.xcassets in Resources */ = {isa = PBXBuildFile; fileRef = FA58999824F262B1002C4E52 /* Assets.xcassets */; };
		FA58999C24F262B1002C4E52 /* LaunchScreen.storyboard in Resources */ = {isa = PBXBuildFile; fileRef = FA58999A24F262B1002C4E52 /* LaunchScreen.storyboard */; };
		FA58999F24F262B1002C4E52 /* main.m in Sources */ = {isa = PBXBuildFile; fileRef = FA58999E24F262B1002C4E52 /* main.m */; };
/* End PBXBuildFile section */

/* Begin PBXFileReference section */
		FA58998924F262B1002C4E52 /* iOS-UIPickers.app */ = {isa = PBXFileReference; explicitFileType = wrapper.application; includeInIndex = 0; path = "iOS-UIPickers.app"; sourceTree = BUILT_PRODUCTS_DIR; };
		FA58998C24F262B1002C4E52 /* AppDelegate.h */ = {isa = PBXFileReference; lastKnownFileType = sourcecode.c.h; path = AppDelegate.h; sourceTree = "<group>"; };
		FA58998D24F262B1002C4E52 /* AppDelegate.m */ = {isa = PBXFileReference; lastKnownFileType = sourcecode.c.objc; path = AppDelegate.m; sourceTree = "<group>"; };
		FA58998F24F262B1002C4E52 /* SceneDelegate.h */ = {isa = PBXFileReference; lastKnownFileType = sourcecode.c.h; path = SceneDelegate.h; sourceTree = "<group>"; };
		FA58999024F262B1002C4E52 /* SceneDelegate.m */ = {isa = PBXFileReference; lastKnownFileType = sourcecode.c.objc; path = SceneDelegate.m; sourceTree = "<group>"; };
		FA58999224F262B1002C4E52 /* ViewController.h */ = {isa = PBXFileReference; lastKnownFileType = sourcecode.c.h; path = ViewController.h; sourceTree = "<group>"; };
		FA58999324F262B1002C4E52 /* ViewController.m */ = {isa = PBXFileReference; lastKnownFileType = sourcecode.c.objc; path = ViewController.m; sourceTree = "<group>"; };
		FA58999624F262B1002C4E52 /* Base */ = {isa = PBXFileReference; lastKnownFileType = file.storyboard; name = Base; path = Base.lproj/Main.storyboard; sourceTree = "<group>"; };
		FA58999824F262B1002C4E52 /* Assets.xcassets */ = {isa = PBXFileReference; lastKnownFileType = folder.assetcatalog; path = Assets.xcassets; sourceTree = "<group>"; };
		FA58999B24F262B1002C4E52 /* Base */ = {isa = PBXFileReference; lastKnownFileType = file.storyboard; name = Base; path = Base.lproj/LaunchScreen.storyboard; sourceTree = "<group>"; };
		FA58999D24F262B1002C4E52 /* Info.plist */ = {isa = PBXFileReference; lastKnownFileType = text.plist.xml; path = Info.plist; sourceTree = "<group>"; };
		FA58999E24F262B1002C4E52 /* main.m */ = {isa = PBXFileReference; lastKnownFileType = sourcecode.c.objc; path = main.m; sourceTree = "<group>"; };
/* End PBXFileReference section */

/* Begin PBXFrameworksBuildPhase section */
		FA58998624F262B1002C4E52 /* Frameworks */ = {
			isa = PBXFrameworksBuildPhase;
			buildActionMask = 2147483647;
			files = (
			);
			runOnlyForDeploymentPostprocessing = 0;
		};
/* End PBXFrameworksBuildPhase section */

/* Begin PBXGroup section */
		FA58998024F262B1002C4E52 = {
			isa = PBXGroup;
			children = (
				FA58998B24F262B1002C4E52 /* iOS-UIPickers */,
				FA58998A24F262B1002C4E52 /* Products */,
			);
			sourceTree = "<group>";
		};
		FA58998A24F262B1002C4E52 /* Products */ = {
			isa = PBXGroup;
			children = (
				FA58998924F262B1002C4E52 /* iOS-UIPickers.app */,
			);
			name = Products;
			sourceTree = "<group>";
		};
		FA58998B24F262B1002C4E52 /* iOS-UIPickers */ = {
			isa = PBXGroup;
			children = (
				FA58998C24F262B1002C4E52 /* AppDelegate.h */,
				FA58998D24F262B1002C4E52 /* AppDelegate.m */,
				FA58998F24F262B1002C4E52 /* SceneDelegate.h */,
				FA58999024F262B1002C4E52 /* SceneDelegate.m */,
				FA58999224F262B1002C4E52 /* ViewController.h */,
				FA58999324F262B1002C4E52 /* ViewController.m */,
				FA58999524F262B1002C4E52 /* Main.storyboard */,
				FA58999824F262B1002C4E52 /* Assets.xcassets */,
				FA58999A24F262B1002C4E52 /* LaunchScreen.storyboard */,
				FA58999D24F262B1002C4E52 /* Info.plist */,
				FA58999E24F262B1002C4E52 /* main.m */,
			);
			path = "iOS-UIPickers";
			sourceTree = "<group>";
		};
/* End PBXGroup section */

/* Begin PBXNativeTarget section */
		FA58998824F262B1002C4E52 /* iOS-UIPickers */ = {
			isa = PBXNativeTarget;
			buildConfigurationList = FA5899A224F262B1002C4E52 /* Build configuration list for PBXNativeTarget "iOS-UIPickers" */;
			buildPhases = (
				FA58998524F262B1002C4E52 /* Sources */,
				FA58998624F262B1002C4E52 /* Frameworks */,
				FA58998724F262B1002C4E52 /* Resources */,
			);
			buildRules = (
			);
			dependencies = (
			);
			name = "iOS-UIPickers";
			productName = "iOS-UIPickers";
			productReference = FA58998924F262B1002C4E52 /* iOS-UIPickers.app */;
			productType = "com.apple.product-type.application";
		};
/* End PBXNativeTarget section */

/* Begin PBXProject section */
		FA58998124F262B1002C4E52 /* Project object */ = {
			isa = PBXProject;
			attributes = {
				LastUpgradeCheck = 1150;
				ORGANIZATIONNAME = alex;
				TargetAttributes = {
					FA58998824F262B1002C4E52 = {
						CreatedOnToolsVersion = 11.5;
					};
				};
			};
			buildConfigurationList = FA58998424F262B1002C4E52 /* Build configuration list for PBXProject "iOS-UIPickers" */;
			compatibilityVersion = "Xcode 9.3";
			developmentRegion = en;
			hasScannedForEncodings = 0;
			knownRegions = (
				en,
				Base,
			);
			mainGroup = FA58998024F262B1002C4E52;
			productRefGroup = FA58998A24F262B1002C4E52 /* Products */;
			projectDirPath = "";
			projectRoot = "";
			targets = (
				FA58998824F262B1002C4E52 /* iOS-UIPickers */,
			);
		};
/* End PBXProject section */

/* Begin PBXResourcesBuildPhase section */
		FA58998724F262B1002C4E52 /* Resources */ = {
			isa = PBXResourcesBuildPhase;
			buildActionMask = 2147483647;
			files = (
				FA58999C24F262B1002C4E52 /* LaunchScreen.storyboard in Resources */,
				FA58999924F262B1002C4E52 /* Assets.xcassets in Resources */,
				FA58999724F262B1002C4E52 /* Main.storyboard in Resources */,
			);
			runOnlyForDeploymentPostprocessing = 0;
		};
/* End PBXResourcesBuildPhase section */

/* Begin PBXSourcesBuildPhase section */
		FA58998524F262B1002C4E52 /* Sources */ = {
			isa = PBXSourcesBuildPhase;
			buildActionMask = 2147483647;
			files = (
				FA58999424F262B1002C4E52 /* ViewController.m in Sources */,
				FA58998E24F262B1002C4E52 /* AppDelegate.m in Sources */,
				FA58999F24F262B1002C4E52 /* main.m in Sources */,
				FA58999124F262B1002C4E52 /* SceneDelegate.m in Sources */,
			);
			runOnlyForDeploymentPostprocessing = 0;
		};
/* End PBXSourcesBuildPhase section */

/* Begin PBXVariantGroup section */
		FA58999524F262B1002C4E52 /* Main.storyboard */ = {
			isa = PBXVariantGroup;
			children = (
				FA58999624F262B1002C4E52 /* Base */,
			);
			name = Main.storyboard;
			sourceTree = "<group>";
		};
		FA58999A24F262B1002C4E52 /* LaunchScreen.storyboard */ = {
			isa = PBXVariantGroup;
			children = (
				FA58999B24F262B1002C4E52 /* Base */,
			);
			name = LaunchScreen.storyboard;
			sourceTree = "<group>";
		};
/* End PBXVariantGroup section */

/* Begin XCBuildConfiguration section */
		FA5899A024F262B1002C4E52 /* Debug */ = {
			isa = XCBuildConfiguration;
			buildSettings = {
				ALWAYS_SEARCH_USER_PATHS = NO;
				CLANG_ANALYZER_NONNULL = YES;
				CLANG_ANALYZER_NUMBER_OBJECT_CONVERSION = YES_AGGRESSIVE;
				CLANG_CXX_LANGUAGE_STANDARD = "gnu++14";
				CLANG_CXX_LIBRARY = "libc++";
				CLANG_ENABLE_MODULES = YES;
				CLANG_ENABLE_OBJC_ARC = YES;
				CLANG_ENABLE_OBJC_WEAK = YES;
				CLANG_WARN_BLOCK_CAPTURE_AUTORELEASING = YES;
				CLANG_WARN_BOOL_CONVERSION = YES;
				CLANG_WARN_COMMA = YES;
				CLANG_WARN_CONSTANT_CONVERSION = YES;
				CLANG_WARN_DEPRECATED_OBJC_IMPLEMENTATIONS = YES;
				CLANG_WARN_DIRECT_OBJC_ISA_USAGE = YES_ERROR;
				CLANG_WARN_DOCUMENTATION_COMMENTS = YES;
				CLANG_WARN_EMPTY_BODY = YES;
				CLANG_WARN_ENUM_CONVERSION = YES;
				CLANG_WARN_INFINITE_RECURSION = YES;
				CLANG_WARN_INT_CONVERSION = YES;
				CLANG_WARN_NON_LITERAL_NULL_CONVERSION = YES;
				CLANG_WARN_OBJC_IMPLICIT_RETAIN_SELF = YES;
				CLANG_WARN_OBJC_LITERAL_CONVERSION = YES;
				CLANG_WARN_OBJC_ROOT_CLASS = YES_ERROR;
				CLANG_WARN_RANGE_LOOP_ANALYSIS = YES;
				CLANG_WARN_STRICT_PROTOTYPES = YES;
				CLANG_WARN_SUSPICIOUS_MOVE = YES;
				CLANG_WARN_UNGUARDED_AVAILABILITY = YES_AGGRESSIVE;
				CLANG_WARN_UNREACHABLE_CODE = YES;
				CLANG_WARN__DUPLICATE_METHOD_MATCH = YES;
				COPY_PHASE_STRIP = NO;
				DEBUG_INFORMATION_FORMAT = dwarf;
				ENABLE_STRICT_OBJC_MSGSEND = YES;
				ENABLE_TESTABILITY = YES;
				GCC_C_LANGUAGE_STANDARD = gnu11;
				GCC_DYNAMIC_NO_PIC = NO;
				GCC_NO_COMMON_BLOCKS = YES;
				GCC_OPTIMIZATION_LEVEL = 0;
				GCC_PREPROCESSOR_DEFINITIONS = (
					"DEBUG=1",
					"$(inherited)",
				);
				GCC_WARN_64_TO_32_BIT_CONVERSION = YES;
				GCC_WARN_ABOUT_RETURN_TYPE = YES_ERROR;
				GCC_WARN_UNDECLARED_SELECTOR = YES;
				GCC_WARN_UNINITIALIZED_AUTOS = YES_AGGRESSIVE;
				GCC_WARN_UNUSED_FUNCTION = YES;
				GCC_WARN_UNUSED_VARIABLE = YES;
				IPHONEOS_DEPLOYMENT_TARGET = 13.5;
				MTL_ENABLE_DEBUG_INFO = INCLUDE_SOURCE;
				MTL_FAST_MATH = YES;
				ONLY_ACTIVE_ARCH = YES;
				SDKROOT = iphoneos;
			};
			name = Debug;
		};
		FA5899A124F262B1002C4E52 /* Release */ = {
			isa = XCBuildConfiguration;
			buildSettings = {
				ALWAYS_SEARCH_USER_PATHS = NO;
				CLANG_ANALYZER_NONNULL = YES;
				CLANG_ANALYZER_NUMBER_OBJECT_CONVERSION = YES_AGGRESSIVE;
				CLANG_CXX_LANGUAGE_STANDARD = "gnu++14";
				CLANG_CXX_LIBRARY = "libc++";
				CLANG_ENABLE_MODULES = YES;
				CLANG_ENABLE_OBJC_ARC = YES;
				CLANG_ENABLE_OBJC_WEAK = YES;
				CLANG_WARN_BLOCK_CAPTURE_AUTORELEASING = YES;
				CLANG_WARN_BOOL_CONVERSION = YES;
				CLANG_WARN_COMMA = YES;
				CLANG_WARN_CONSTANT_CONVERSION = YES;
				CLANG_WARN_DEPRECATED_OBJC_IMPLEMENTATIONS = YES;
				CLANG_WARN_DIRECT_OBJC_ISA_USAGE = YES_ERROR;
				CLANG_WARN_DOCUMENTATION_COMMENTS = YES;
				CLANG_WARN_EMPTY_BODY = YES;
				CLANG_WARN_ENUM_CONVERSION = YES;
				CLANG_WARN_INFINITE_RECURSION = YES;
				CLANG_WARN_INT_CONVERSION = YES;
				CLANG_WARN_NON_LITERAL_NULL_CONVERSION = YES;
				CLANG_WARN_OBJC_IMPLICIT_RETAIN_SELF = YES;
				CLANG_WARN_OBJC_LITERAL_CONVERSION = YES;
				CLANG_WARN_OBJC_ROOT_CLASS = YES_ERROR;
				CLANG_WARN_RANGE_LOOP_ANALYSIS = YES;
				CLANG_WARN_STRICT_PROTOTYPES = YES;
				CLANG_WARN_SUSPICIOUS_MOVE = YES;
				CLANG_WARN_UNGUARDED_AVAILABILITY = YES_AGGRESSIVE;
				CLANG_WARN_UNREACHABLE_CODE = YES;
				CLANG_WARN__DUPLICATE_METHOD_MATCH = YES;
				COPY_PHASE_STRIP = NO;
				DEBUG_INFORMATION_FORMAT = "dwarf-with-dsym";
				ENABLE_NS_ASSERTIONS = NO;
				ENABLE_STRICT_OBJC_MSGSEND = YES;
				GCC_C_LANGUAGE_STANDARD = gnu11;
				GCC_NO_COMMON_BLOCKS = YES;
				GCC_WARN_64_TO_32_BIT_CONVERSION = YES;
				GCC_WARN_ABOUT_RETURN_TYPE = YES_ERROR;
				GCC_WARN_UNDECLARED_SELECTOR = YES;
				GCC_WARN_UNINITIALIZED_AUTOS = YES_AGGRESSIVE;
				GCC_WARN_UNUSED_FUNCTION = YES;
				GCC_WARN_UNUSED_VARIABLE = YES;
				IPHONEOS_DEPLOYMENT_TARGET = 13.5;
				MTL_ENABLE_DEBUG_INFO = NO;
				MTL_FAST_MATH = YES;
				SDKROOT = iphoneos;
				VALIDATE_PRODUCT = YES;
			};
			name = Release;
		};
		FA5899A324F262B1002C4E52 /* Debug */ = {
			isa = XCBuildConfiguration;
			buildSettings = {
				ASSETCATALOG_COMPILER_APPICON_NAME = AppIcon;
				CODE_SIGN_STYLE = Automatic;
				INFOPLIST_FILE = "iOS-UIPickers/Info.plist";
				LD_RUNPATH_SEARCH_PATHS = (
					"$(inherited)",
					"@executable_path/Frameworks",
				);
				PRODUCT_BUNDLE_IDENTIFIER = "com.blueradix.aitclass.iOS-UIPickers";
				PRODUCT_NAME = "$(TARGET_NAME)";
				TARGETED_DEVICE_FAMILY = "1,2";
			};
			name = Debug;
		};
		FA5899A424F262B1002C4E52 /* Release */ = {
			isa = XCBuildConfiguration;
			buildSettings = {
				ASSETCATALOG_COMPILER_APPICON_NAME = AppIcon;
				CODE_SIGN_STYLE = Automatic;
				INFOPLIST_FILE = "iOS-UIPickers/Info.plist";
				LD_RUNPATH_SEARCH_PATHS = (
					"$(inherited)",
					"@executable_path/Frameworks",
				);
				PRODUCT_BUNDLE_IDENTIFIER = "com.blueradix.aitclass.iOS-UIPickers";
				PRODUCT_NAME = "$(TARGET_NAME)";
				TARGETED_DEVICE_FAMILY = "1,2";
			};
			name = Release;
		};
/* End XCBuildConfiguration section */

/* Begin XCConfigurationList section */
		FA58998424F262B1002C4E52 /* Build configuration list for PBXProject "iOS-UIPickers" */ = {
			isa = XCConfigurationList;
			buildConfigurations = (
				FA5899A024F262B1002C4E52 /* Debug */,
				FA5899A124F262B1002C4E52 /* Release */,
			);
			defaultConfigurationIsVisible = 0;
			defaultConfigurationName = Release;
		};
		FA5899A224F262B1002C4E52 /* Build configuration list for PBXNativeTarget "iOS-UIPickers" */ = {
			isa = XCConfigurationList;
			buildConfigurations = (
				FA5899A324F262B1002C4E52 /* Debug */,
				FA5899A424F262B1002C4E52 /* Release */,
			);
			defaultConfigurationIsVisible = 0;
			defaultConfigurationName = Release;
		};
/* End XCConfigurationList section */
	};
	rootObject = FA58998124F262B1002C4E52 /* Project object */;
}
